// !$*UTF8*$!
{
	archiveVersion = 1;
	classes = {
	};
	objectVersion = 51;
	objects = {

/* Begin PBXBuildFile section */
		28D47C3AC807F88394D02410 /* Pods_iCheckCrypto_WatchKit_Extension.framework in Frameworks */ = {isa = PBXBuildFile; fileRef = 2F20E706E8A52D90B421ACFD /* Pods_iCheckCrypto_WatchKit_Extension.framework */; };
		9E859EF3C2723740B0CDDFCF /* Pods_iCheckCrypto.framework in Frameworks */ = {isa = PBXBuildFile; fileRef = 03626410955BBE6611AAD550 /* Pods_iCheckCrypto.framework */; };
		BE365023F564BF60D3B13115 /* Pods_iCheckCrypto_WatchKit_App.framework in Frameworks */ = {isa = PBXBuildFile; fileRef = 9787901082C35BDC2EDE3F88 /* Pods_iCheckCrypto_WatchKit_App.framework */; };
		CF33074823A69C6A002FE5B8 /* PriceService.swift in Sources */ = {isa = PBXBuildFile; fileRef = CF33074723A69C6A002FE5B8 /* PriceService.swift */; };
		CF8B1E2523A4D27D00DA34BA /* iCheckCrypto WatchKit App.app in Embed Watch Content */ = {isa = PBXBuildFile; fileRef = CF8B1E2423A4D27D00DA34BA /* iCheckCrypto WatchKit App.app */; settings = {ATTRIBUTES = (RemoveHeadersOnCopy, ); }; };
		CF8B1E2B23A4D27D00DA34BA /* Interface.storyboard in Resources */ = {isa = PBXBuildFile; fileRef = CF8B1E2923A4D27D00DA34BA /* Interface.storyboard */; };
		CF8B1E2D23A4D27E00DA34BA /* Assets.xcassets in Resources */ = {isa = PBXBuildFile; fileRef = CF8B1E2C23A4D27E00DA34BA /* Assets.xcassets */; };
		CF8B1E3423A4D27E00DA34BA /* iCheckCrypto WatchKit Extension.appex in Embed App Extensions */ = {isa = PBXBuildFile; fileRef = CF8B1E3323A4D27E00DA34BA /* iCheckCrypto WatchKit Extension.appex */; settings = {ATTRIBUTES = (RemoveHeadersOnCopy, ); }; };
		CF8B1E3923A4D27E00DA34BA /* ContentView.swift in Sources */ = {isa = PBXBuildFile; fileRef = CF8B1E3823A4D27E00DA34BA /* ContentView.swift */; };
		CF8B1E3B23A4D27E00DA34BA /* HostingController.swift in Sources */ = {isa = PBXBuildFile; fileRef = CF8B1E3A23A4D27E00DA34BA /* HostingController.swift */; };
		CF8B1E3D23A4D27E00DA34BA /* ExtensionDelegate.swift in Sources */ = {isa = PBXBuildFile; fileRef = CF8B1E3C23A4D27E00DA34BA /* ExtensionDelegate.swift */; };
		CF8B1E3F23A4D27E00DA34BA /* ComplicationController.swift in Sources */ = {isa = PBXBuildFile; fileRef = CF8B1E3E23A4D27E00DA34BA /* ComplicationController.swift */; };
		CF8B1E4123A4D27E00DA34BA /* Assets.xcassets in Resources */ = {isa = PBXBuildFile; fileRef = CF8B1E4023A4D27E00DA34BA /* Assets.xcassets */; };
		CF8B1E4423A4D27F00DA34BA /* Preview Assets.xcassets in Resources */ = {isa = PBXBuildFile; fileRef = CF8B1E4323A4D27F00DA34BA /* Preview Assets.xcassets */; };
/* End PBXBuildFile section */

/* Begin PBXContainerItemProxy section */
		CF8B1E2623A4D27D00DA34BA /* PBXContainerItemProxy */ = {
			isa = PBXContainerItemProxy;
			containerPortal = CF8B1E1A23A4D27D00DA34BA /* Project object */;
			proxyType = 1;
			remoteGlobalIDString = CF8B1E2323A4D27D00DA34BA;
			remoteInfo = "iCheckCrypto WatchKit App";
		};
		CF8B1E3523A4D27E00DA34BA /* PBXContainerItemProxy */ = {
			isa = PBXContainerItemProxy;
			containerPortal = CF8B1E1A23A4D27D00DA34BA /* Project object */;
			proxyType = 1;
			remoteGlobalIDString = CF8B1E3223A4D27E00DA34BA;
			remoteInfo = "iCheckCrypto WatchKit Extension";
		};
/* End PBXContainerItemProxy section */

/* Begin PBXCopyFilesBuildPhase section */
		CF8B1E4B23A4D27F00DA34BA /* Embed App Extensions */ = {
			isa = PBXCopyFilesBuildPhase;
			buildActionMask = 2147483647;
			dstPath = "";
			dstSubfolderSpec = 13;
			files = (
				CF8B1E3423A4D27E00DA34BA /* iCheckCrypto WatchKit Extension.appex in Embed App Extensions */,
			);
			name = "Embed App Extensions";
			runOnlyForDeploymentPostprocessing = 0;
		};
		CF8B1E4F23A4D27F00DA34BA /* Embed Watch Content */ = {
			isa = PBXCopyFilesBuildPhase;
			buildActionMask = 2147483647;
			dstPath = "$(CONTENTS_FOLDER_PATH)/Watch";
			dstSubfolderSpec = 16;
			files = (
				CF8B1E2523A4D27D00DA34BA /* iCheckCrypto WatchKit App.app in Embed Watch Content */,
			);
			name = "Embed Watch Content";
			runOnlyForDeploymentPostprocessing = 0;
		};
/* End PBXCopyFilesBuildPhase section */

/* Begin PBXFileReference section */
		03626410955BBE6611AAD550 /* Pods_iCheckCrypto.framework */ = {isa = PBXFileReference; explicitFileType = wrapper.framework; includeInIndex = 0; path = Pods_iCheckCrypto.framework; sourceTree = BUILT_PRODUCTS_DIR; };
		113C51A1367C87E9C661E6D5 /* Pods-iCheckCrypto WatchKit Extension.release.xcconfig */ = {isa = PBXFileReference; includeInIndex = 1; lastKnownFileType = text.xcconfig; name = "Pods-iCheckCrypto WatchKit Extension.release.xcconfig"; path = "Target Support Files/Pods-iCheckCrypto WatchKit Extension/Pods-iCheckCrypto WatchKit Extension.release.xcconfig"; sourceTree = "<group>"; };
		2F20E706E8A52D90B421ACFD /* Pods_iCheckCrypto_WatchKit_Extension.framework */ = {isa = PBXFileReference; explicitFileType = wrapper.framework; includeInIndex = 0; path = Pods_iCheckCrypto_WatchKit_Extension.framework; sourceTree = BUILT_PRODUCTS_DIR; };
		9787901082C35BDC2EDE3F88 /* Pods_iCheckCrypto_WatchKit_App.framework */ = {isa = PBXFileReference; explicitFileType = wrapper.framework; includeInIndex = 0; path = Pods_iCheckCrypto_WatchKit_App.framework; sourceTree = BUILT_PRODUCTS_DIR; };
		A7C8CEBACBA49C4EB0FF241A /* Pods-iCheckCrypto WatchKit App.release.xcconfig */ = {isa = PBXFileReference; includeInIndex = 1; lastKnownFileType = text.xcconfig; name = "Pods-iCheckCrypto WatchKit App.release.xcconfig"; path = "Target Support Files/Pods-iCheckCrypto WatchKit App/Pods-iCheckCrypto WatchKit App.release.xcconfig"; sourceTree = "<group>"; };
		B6B865F1A0101A4BF26E7FF5 /* Pods-iCheckCrypto.release.xcconfig */ = {isa = PBXFileReference; includeInIndex = 1; lastKnownFileType = text.xcconfig; name = "Pods-iCheckCrypto.release.xcconfig"; path = "Target Support Files/Pods-iCheckCrypto/Pods-iCheckCrypto.release.xcconfig"; sourceTree = "<group>"; };
		CF33074723A69C6A002FE5B8 /* PriceService.swift */ = {isa = PBXFileReference; lastKnownFileType = sourcecode.swift; path = PriceService.swift; sourceTree = "<group>"; };
		CF8B1E2023A4D27D00DA34BA /* iCheckCrypto.app */ = {isa = PBXFileReference; explicitFileType = wrapper.application; includeInIndex = 0; path = iCheckCrypto.app; sourceTree = BUILT_PRODUCTS_DIR; };
		CF8B1E2423A4D27D00DA34BA /* iCheckCrypto WatchKit App.app */ = {isa = PBXFileReference; explicitFileType = wrapper.application; includeInIndex = 0; path = "iCheckCrypto WatchKit App.app"; sourceTree = BUILT_PRODUCTS_DIR; };
		CF8B1E2A23A4D27D00DA34BA /* Base */ = {isa = PBXFileReference; lastKnownFileType = file.storyboard; name = Base; path = Base.lproj/Interface.storyboard; sourceTree = "<group>"; };
		CF8B1E2C23A4D27E00DA34BA /* Assets.xcassets */ = {isa = PBXFileReference; lastKnownFileType = folder.assetcatalog; path = Assets.xcassets; sourceTree = "<group>"; };
		CF8B1E2E23A4D27E00DA34BA /* Info.plist */ = {isa = PBXFileReference; lastKnownFileType = text.plist.xml; path = Info.plist; sourceTree = "<group>"; };
		CF8B1E3323A4D27E00DA34BA /* iCheckCrypto WatchKit Extension.appex */ = {isa = PBXFileReference; explicitFileType = "wrapper.app-extension"; includeInIndex = 0; path = "iCheckCrypto WatchKit Extension.appex"; sourceTree = BUILT_PRODUCTS_DIR; };
		CF8B1E3823A4D27E00DA34BA /* ContentView.swift */ = {isa = PBXFileReference; lastKnownFileType = sourcecode.swift; path = ContentView.swift; sourceTree = "<group>"; };
		CF8B1E3A23A4D27E00DA34BA /* HostingController.swift */ = {isa = PBXFileReference; lastKnownFileType = sourcecode.swift; path = HostingController.swift; sourceTree = "<group>"; };
		CF8B1E3C23A4D27E00DA34BA /* ExtensionDelegate.swift */ = {isa = PBXFileReference; lastKnownFileType = sourcecode.swift; path = ExtensionDelegate.swift; sourceTree = "<group>"; };
		CF8B1E3E23A4D27E00DA34BA /* ComplicationController.swift */ = {isa = PBXFileReference; lastKnownFileType = sourcecode.swift; path = ComplicationController.swift; sourceTree = "<group>"; };
		CF8B1E4023A4D27E00DA34BA /* Assets.xcassets */ = {isa = PBXFileReference; lastKnownFileType = folder.assetcatalog; path = Assets.xcassets; sourceTree = "<group>"; };
		CF8B1E4323A4D27F00DA34BA /* Preview Assets.xcassets */ = {isa = PBXFileReference; lastKnownFileType = folder.assetcatalog; path = "Preview Assets.xcassets"; sourceTree = "<group>"; };
		CF8B1E4523A4D27F00DA34BA /* Info.plist */ = {isa = PBXFileReference; lastKnownFileType = text.plist.xml; path = Info.plist; sourceTree = "<group>"; };
		D646718D98CBC8E9CCF08D26 /* Pods-iCheckCrypto WatchKit App.debug.xcconfig */ = {isa = PBXFileReference; includeInIndex = 1; lastKnownFileType = text.xcconfig; name = "Pods-iCheckCrypto WatchKit App.debug.xcconfig"; path = "Target Support Files/Pods-iCheckCrypto WatchKit App/Pods-iCheckCrypto WatchKit App.debug.xcconfig"; sourceTree = "<group>"; };
		DC87A9514CCBBB79D994AEAA /* Pods-iCheckCrypto.debug.xcconfig */ = {isa = PBXFileReference; includeInIndex = 1; lastKnownFileType = text.xcconfig; name = "Pods-iCheckCrypto.debug.xcconfig"; path = "Target Support Files/Pods-iCheckCrypto/Pods-iCheckCrypto.debug.xcconfig"; sourceTree = "<group>"; };
		FC992234F1946B90AB98B12E /* Pods-iCheckCrypto WatchKit Extension.debug.xcconfig */ = {isa = PBXFileReference; includeInIndex = 1; lastKnownFileType = text.xcconfig; name = "Pods-iCheckCrypto WatchKit Extension.debug.xcconfig"; path = "Target Support Files/Pods-iCheckCrypto WatchKit Extension/Pods-iCheckCrypto WatchKit Extension.debug.xcconfig"; sourceTree = "<group>"; };
/* End PBXFileReference section */

/* Begin PBXFrameworksBuildPhase section */
		36C1A955BF32D1926E61F5FE /* Frameworks */ = {
			isa = PBXFrameworksBuildPhase;
			buildActionMask = 2147483647;
			files = (
				9E859EF3C2723740B0CDDFCF /* Pods_iCheckCrypto.framework in Frameworks */,
			);
			runOnlyForDeploymentPostprocessing = 0;
		};
		90D788B24A123D2F875ED872 /* Frameworks */ = {
			isa = PBXFrameworksBuildPhase;
			buildActionMask = 2147483647;
			files = (
				BE365023F564BF60D3B13115 /* Pods_iCheckCrypto_WatchKit_App.framework in Frameworks */,
			);
			runOnlyForDeploymentPostprocessing = 0;
		};
		CF8B1E3023A4D27E00DA34BA /* Frameworks */ = {
			isa = PBXFrameworksBuildPhase;
			buildActionMask = 2147483647;
			files = (
				28D47C3AC807F88394D02410 /* Pods_iCheckCrypto_WatchKit_Extension.framework in Frameworks */,
			);
			runOnlyForDeploymentPostprocessing = 0;
		};
/* End PBXFrameworksBuildPhase section */

/* Begin PBXGroup section */
		414CDD11981030BD72EEA20C /* Frameworks */ = {
			isa = PBXGroup;
			children = (
				03626410955BBE6611AAD550 /* Pods_iCheckCrypto.framework */,
				9787901082C35BDC2EDE3F88 /* Pods_iCheckCrypto_WatchKit_App.framework */,
				2F20E706E8A52D90B421ACFD /* Pods_iCheckCrypto_WatchKit_Extension.framework */,
			);
			name = Frameworks;
			sourceTree = "<group>";
		};
		AAADDC2DC26DD77E197239AB /* Pods */ = {
			isa = PBXGroup;
			children = (
				DC87A9514CCBBB79D994AEAA /* Pods-iCheckCrypto.debug.xcconfig */,
				B6B865F1A0101A4BF26E7FF5 /* Pods-iCheckCrypto.release.xcconfig */,
				D646718D98CBC8E9CCF08D26 /* Pods-iCheckCrypto WatchKit App.debug.xcconfig */,
				A7C8CEBACBA49C4EB0FF241A /* Pods-iCheckCrypto WatchKit App.release.xcconfig */,
				FC992234F1946B90AB98B12E /* Pods-iCheckCrypto WatchKit Extension.debug.xcconfig */,
				113C51A1367C87E9C661E6D5 /* Pods-iCheckCrypto WatchKit Extension.release.xcconfig */,
			);
			path = Pods;
			sourceTree = "<group>";
		};
		CF8B1E1923A4D27D00DA34BA = {
			isa = PBXGroup;
			children = (
				CF8B1E2823A4D27D00DA34BA /* iCheckCrypto WatchKit App */,
				CF8B1E3723A4D27E00DA34BA /* iCheckCrypto WatchKit Extension */,
				CF8B1E2123A4D27D00DA34BA /* Products */,
				AAADDC2DC26DD77E197239AB /* Pods */,
				414CDD11981030BD72EEA20C /* Frameworks */,
			);
			sourceTree = "<group>";
		};
		CF8B1E2123A4D27D00DA34BA /* Products */ = {
			isa = PBXGroup;
			children = (
				CF8B1E2023A4D27D00DA34BA /* iCheckCrypto.app */,
				CF8B1E2423A4D27D00DA34BA /* iCheckCrypto WatchKit App.app */,
				CF8B1E3323A4D27E00DA34BA /* iCheckCrypto WatchKit Extension.appex */,
			);
			name = Products;
			sourceTree = "<group>";
		};
		CF8B1E2823A4D27D00DA34BA /* iCheckCrypto WatchKit App */ = {
			isa = PBXGroup;
			children = (
				CF8B1E2923A4D27D00DA34BA /* Interface.storyboard */,
				CF8B1E2C23A4D27E00DA34BA /* Assets.xcassets */,
				CF8B1E2E23A4D27E00DA34BA /* Info.plist */,
			);
			path = "iCheckCrypto WatchKit App";
			sourceTree = "<group>";
		};
		CF8B1E3723A4D27E00DA34BA /* iCheckCrypto WatchKit Extension */ = {
			isa = PBXGroup;
			children = (
				CF8B1E3823A4D27E00DA34BA /* ContentView.swift */,
				CF8B1E3A23A4D27E00DA34BA /* HostingController.swift */,
				CF8B1E3C23A4D27E00DA34BA /* ExtensionDelegate.swift */,
				CF8B1E3E23A4D27E00DA34BA /* ComplicationController.swift */,
				CF8B1E4023A4D27E00DA34BA /* Assets.xcassets */,
				CF8B1E4523A4D27F00DA34BA /* Info.plist */,
				CF8B1E4223A4D27F00DA34BA /* Preview Content */,
				CF33074723A69C6A002FE5B8 /* PriceService.swift */,
			);
			path = "iCheckCrypto WatchKit Extension";
			sourceTree = "<group>";
		};
		CF8B1E4223A4D27F00DA34BA /* Preview Content */ = {
			isa = PBXGroup;
			children = (
				CF8B1E4323A4D27F00DA34BA /* Preview Assets.xcassets */,
			);
			path = "Preview Content";
			sourceTree = "<group>";
		};
/* End PBXGroup section */

/* Begin PBXNativeTarget section */
		CF8B1E1F23A4D27D00DA34BA /* iCheckCrypto */ = {
			isa = PBXNativeTarget;
			buildConfigurationList = CF8B1E5023A4D27F00DA34BA /* Build configuration list for PBXNativeTarget "iCheckCrypto" */;
			buildPhases = (
				DC2765C2D4D4422ACCDBFE93 /* [CP] Check Pods Manifest.lock */,
				CF8B1E1E23A4D27D00DA34BA /* Resources */,
				CF8B1E4F23A4D27F00DA34BA /* Embed Watch Content */,
				36C1A955BF32D1926E61F5FE /* Frameworks */,
			);
			buildRules = (
			);
			dependencies = (
				CF8B1E2723A4D27D00DA34BA /* PBXTargetDependency */,
			);
			name = iCheckCrypto;
			productName = iCheckCrypto;
			productReference = CF8B1E2023A4D27D00DA34BA /* iCheckCrypto.app */;
			productType = "com.apple.product-type.application.watchapp2-container";
		};
		CF8B1E2323A4D27D00DA34BA /* iCheckCrypto WatchKit App */ = {
			isa = PBXNativeTarget;
			buildConfigurationList = CF8B1E4C23A4D27F00DA34BA /* Build configuration list for PBXNativeTarget "iCheckCrypto WatchKit App" */;
			buildPhases = (
				15EE1F8D688F3EDB7AAE1A1E /* [CP] Check Pods Manifest.lock */,
				CF8B1E2223A4D27D00DA34BA /* Resources */,
				CF8B1E4B23A4D27F00DA34BA /* Embed App Extensions */,
				90D788B24A123D2F875ED872 /* Frameworks */,
			);
			buildRules = (
			);
			dependencies = (
				CF8B1E3623A4D27E00DA34BA /* PBXTargetDependency */,
			);
			name = "iCheckCrypto WatchKit App";
			productName = "iCheckCrypto WatchKit App";
			productReference = CF8B1E2423A4D27D00DA34BA /* iCheckCrypto WatchKit App.app */;
			productType = "com.apple.product-type.application.watchapp2";
		};
		CF8B1E3223A4D27E00DA34BA /* iCheckCrypto WatchKit Extension */ = {
			isa = PBXNativeTarget;
			buildConfigurationList = CF8B1E4823A4D27F00DA34BA /* Build configuration list for PBXNativeTarget "iCheckCrypto WatchKit Extension" */;
			buildPhases = (
				6C21595E903B2D94CD1876A5 /* [CP] Check Pods Manifest.lock */,
				CF8B1E2F23A4D27E00DA34BA /* Sources */,
				CF8B1E3023A4D27E00DA34BA /* Frameworks */,
				CF8B1E3123A4D27E00DA34BA /* Resources */,
				531660DB29E850945CABC7FA /* [CP] Embed Pods Frameworks */,
			);
			buildRules = (
			);
			dependencies = (
			);
			name = "iCheckCrypto WatchKit Extension";
			productName = "iCheckCrypto WatchKit Extension";
			productReference = CF8B1E3323A4D27E00DA34BA /* iCheckCrypto WatchKit Extension.appex */;
			productType = "com.apple.product-type.watchkit2-extension";
		};
/* End PBXNativeTarget section */

/* Begin PBXProject section */
		CF8B1E1A23A4D27D00DA34BA /* Project object */ = {
			isa = PBXProject;
			attributes = {
				LastSwiftUpdateCheck = 1110;
				LastUpgradeCheck = 1110;
				ORGANIZATIONNAME = Tacenda;
				TargetAttributes = {
					CF8B1E1F23A4D27D00DA34BA = {
						CreatedOnToolsVersion = 11.1;
					};
					CF8B1E2323A4D27D00DA34BA = {
						CreatedOnToolsVersion = 11.1;
					};
					CF8B1E3223A4D27E00DA34BA = {
						CreatedOnToolsVersion = 11.1;
					};
				};
			};
			buildConfigurationList = CF8B1E1D23A4D27D00DA34BA /* Build configuration list for PBXProject "iCheckCrypto" */;
			compatibilityVersion = "Xcode 9.3";
			developmentRegion = en;
			hasScannedForEncodings = 0;
			knownRegions = (
				en,
				Base,
			);
			mainGroup = CF8B1E1923A4D27D00DA34BA;
			productRefGroup = CF8B1E2123A4D27D00DA34BA /* Products */;
			projectDirPath = "";
			projectRoot = "";
			targets = (
				CF8B1E1F23A4D27D00DA34BA /* iCheckCrypto */,
				CF8B1E2323A4D27D00DA34BA /* iCheckCrypto WatchKit App */,
				CF8B1E3223A4D27E00DA34BA /* iCheckCrypto WatchKit Extension */,
			);
		};
/* End PBXProject section */

/* Begin PBXResourcesBuildPhase section */
		CF8B1E1E23A4D27D00DA34BA /* Resources */ = {
			isa = PBXResourcesBuildPhase;
			buildActionMask = 2147483647;
			files = (
			);
			runOnlyForDeploymentPostprocessing = 0;
		};
		CF8B1E2223A4D27D00DA34BA /* Resources */ = {
			isa = PBXResourcesBuildPhase;
			buildActionMask = 2147483647;
			files = (
				CF8B1E2D23A4D27E00DA34BA /* Assets.xcassets in Resources */,
				CF8B1E2B23A4D27D00DA34BA /* Interface.storyboard in Resources */,
			);
			runOnlyForDeploymentPostprocessing = 0;
		};
		CF8B1E3123A4D27E00DA34BA /* Resources */ = {
			isa = PBXResourcesBuildPhase;
			buildActionMask = 2147483647;
			files = (
				CF8B1E4423A4D27F00DA34BA /* Preview Assets.xcassets in Resources */,
				CF8B1E4123A4D27E00DA34BA /* Assets.xcassets in Resources */,
			);
			runOnlyForDeploymentPostprocessing = 0;
		};
/* End PBXResourcesBuildPhase section */

/* Begin PBXShellScriptBuildPhase section */
		15EE1F8D688F3EDB7AAE1A1E /* [CP] Check Pods Manifest.lock */ = {
			isa = PBXShellScriptBuildPhase;
			buildActionMask = 2147483647;
			files = (
			);
			inputFileListPaths = (
			);
			inputPaths = (
				"${PODS_PODFILE_DIR_PATH}/Podfile.lock",
				"${PODS_ROOT}/Manifest.lock",
			);
			name = "[CP] Check Pods Manifest.lock";
			outputFileListPaths = (
			);
			outputPaths = (
				"$(DERIVED_FILE_DIR)/Pods-iCheckCrypto WatchKit App-checkManifestLockResult.txt",
			);
			runOnlyForDeploymentPostprocessing = 0;
			shellPath = /bin/sh;
			shellScript = "diff \"${PODS_PODFILE_DIR_PATH}/Podfile.lock\" \"${PODS_ROOT}/Manifest.lock\" > /dev/null\nif [ $? != 0 ] ; then\n    # print error to STDERR\n    echo \"error: The sandbox is not in sync with the Podfile.lock. Run 'pod install' or update your CocoaPods installation.\" >&2\n    exit 1\nfi\n# This output is used by Xcode 'outputs' to avoid re-running this script phase.\necho \"SUCCESS\" > \"${SCRIPT_OUTPUT_FILE_0}\"\n";
			showEnvVarsInLog = 0;
		};
		531660DB29E850945CABC7FA /* [CP] Embed Pods Frameworks */ = {
			isa = PBXShellScriptBuildPhase;
			buildActionMask = 2147483647;
			files = (
			);
			inputFileListPaths = (
				"${PODS_ROOT}/Target Support Files/Pods-iCheckCrypto WatchKit Extension/Pods-iCheckCrypto WatchKit Extension-frameworks-${CONFIGURATION}-input-files.xcfilelist",
			);
			name = "[CP] Embed Pods Frameworks";
			outputFileListPaths = (
				"${PODS_ROOT}/Target Support Files/Pods-iCheckCrypto WatchKit Extension/Pods-iCheckCrypto WatchKit Extension-frameworks-${CONFIGURATION}-output-files.xcfilelist",
			);
			runOnlyForDeploymentPostprocessing = 0;
			shellPath = /bin/sh;
			shellScript = "\"${PODS_ROOT}/Target Support Files/Pods-iCheckCrypto WatchKit Extension/Pods-iCheckCrypto WatchKit Extension-frameworks.sh\"\n";
			showEnvVarsInLog = 0;
		};
		6C21595E903B2D94CD1876A5 /* [CP] Check Pods Manifest.lock */ = {
			isa = PBXShellScriptBuildPhase;
			buildActionMask = 2147483647;
			files = (
			);
			inputFileListPaths = (
			);
			inputPaths = (
				"${PODS_PODFILE_DIR_PATH}/Podfile.lock",
				"${PODS_ROOT}/Manifest.lock",
			);
			name = "[CP] Check Pods Manifest.lock";
			outputFileListPaths = (
			);
			outputPaths = (
				"$(DERIVED_FILE_DIR)/Pods-iCheckCrypto WatchKit Extension-checkManifestLockResult.txt",
			);
			runOnlyForDeploymentPostprocessing = 0;
			shellPath = /bin/sh;
			shellScript = "diff \"${PODS_PODFILE_DIR_PATH}/Podfile.lock\" \"${PODS_ROOT}/Manifest.lock\" > /dev/null\nif [ $? != 0 ] ; then\n    # print error to STDERR\n    echo \"error: The sandbox is not in sync with the Podfile.lock. Run 'pod install' or update your CocoaPods installation.\" >&2\n    exit 1\nfi\n# This output is used by Xcode 'outputs' to avoid re-running this script phase.\necho \"SUCCESS\" > \"${SCRIPT_OUTPUT_FILE_0}\"\n";
			showEnvVarsInLog = 0;
		};
		DC2765C2D4D4422ACCDBFE93 /* [CP] Check Pods Manifest.lock */ = {
			isa = PBXShellScriptBuildPhase;
			buildActionMask = 2147483647;
			files = (
			);
			inputFileListPaths = (
			);
			inputPaths = (
				"${PODS_PODFILE_DIR_PATH}/Podfile.lock",
				"${PODS_ROOT}/Manifest.lock",
			);
			name = "[CP] Check Pods Manifest.lock";
			outputFileListPaths = (
			);
			outputPaths = (
				"$(DERIVED_FILE_DIR)/Pods-iCheckCrypto-checkManifestLockResult.txt",
			);
			runOnlyForDeploymentPostprocessing = 0;
			shellPath = /bin/sh;
			shellScript = "diff \"${PODS_PODFILE_DIR_PATH}/Podfile.lock\" \"${PODS_ROOT}/Manifest.lock\" > /dev/null\nif [ $? != 0 ] ; then\n    # print error to STDERR\n    echo \"error: The sandbox is not in sync with the Podfile.lock. Run 'pod install' or update your CocoaPods installation.\" >&2\n    exit 1\nfi\n# This output is used by Xcode 'outputs' to avoid re-running this script phase.\necho \"SUCCESS\" > \"${SCRIPT_OUTPUT_FILE_0}\"\n";
			showEnvVarsInLog = 0;
		};
/* End PBXShellScriptBuildPhase section */

/* Begin PBXSourcesBuildPhase section */
		CF8B1E2F23A4D27E00DA34BA /* Sources */ = {
			isa = PBXSourcesBuildPhase;
			buildActionMask = 2147483647;
			files = (
				CF8B1E3B23A4D27E00DA34BA /* HostingController.swift in Sources */,
				CF8B1E3F23A4D27E00DA34BA /* ComplicationController.swift in Sources */,
				CF8B1E3923A4D27E00DA34BA /* ContentView.swift in Sources */,
				CF33074823A69C6A002FE5B8 /* PriceService.swift in Sources */,
				CF8B1E3D23A4D27E00DA34BA /* ExtensionDelegate.swift in Sources */,
			);
			runOnlyForDeploymentPostprocessing = 0;
		};
/* End PBXSourcesBuildPhase section */

/* Begin PBXTargetDependency section */
		CF8B1E2723A4D27D00DA34BA /* PBXTargetDependency */ = {
			isa = PBXTargetDependency;
			target = CF8B1E2323A4D27D00DA34BA /* iCheckCrypto WatchKit App */;
			targetProxy = CF8B1E2623A4D27D00DA34BA /* PBXContainerItemProxy */;
		};
		CF8B1E3623A4D27E00DA34BA /* PBXTargetDependency */ = {
			isa = PBXTargetDependency;
			target = CF8B1E3223A4D27E00DA34BA /* iCheckCrypto WatchKit Extension */;
			targetProxy = CF8B1E3523A4D27E00DA34BA /* PBXContainerItemProxy */;
		};
/* End PBXTargetDependency section */

/* Begin PBXVariantGroup section */
		CF8B1E2923A4D27D00DA34BA /* Interface.storyboard */ = {
			isa = PBXVariantGroup;
			children = (
				CF8B1E2A23A4D27D00DA34BA /* Base */,
			);
			name = Interface.storyboard;
			sourceTree = "<group>";
		};
/* End PBXVariantGroup section */

/* Begin XCBuildConfiguration section */
		CF8B1E4623A4D27F00DA34BA /* Debug */ = {
			isa = XCBuildConfiguration;
			buildSettings = {
				ALWAYS_SEARCH_USER_PATHS = NO;
				CLANG_ANALYZER_NONNULL = YES;
				CLANG_ANALYZER_NUMBER_OBJECT_CONVERSION = YES_AGGRESSIVE;
				CLANG_CXX_LANGUAGE_STANDARD = "gnu++14";
				CLANG_CXX_LIBRARY = "libc++";
				CLANG_ENABLE_MODULES = YES;
				CLANG_ENABLE_OBJC_ARC = YES;
				CLANG_ENABLE_OBJC_WEAK = YES;
				CLANG_WARN_BLOCK_CAPTURE_AUTORELEASING = YES;
				CLANG_WARN_BOOL_CONVERSION = YES;
				CLANG_WARN_COMMA = YES;
				CLANG_WARN_CONSTANT_CONVERSION = YES;
				CLANG_WARN_DEPRECATED_OBJC_IMPLEMENTATIONS = YES;
				CLANG_WARN_DIRECT_OBJC_ISA_USAGE = YES_ERROR;
				CLANG_WARN_DOCUMENTATION_COMMENTS = YES;
				CLANG_WARN_EMPTY_BODY = YES;
				CLANG_WARN_ENUM_CONVERSION = YES;
				CLANG_WARN_INFINITE_RECURSION = YES;
				CLANG_WARN_INT_CONVERSION = YES;
				CLANG_WARN_NON_LITERAL_NULL_CONVERSION = YES;
				CLANG_WARN_OBJC_IMPLICIT_RETAIN_SELF = YES;
				CLANG_WARN_OBJC_LITERAL_CONVERSION = YES;
				CLANG_WARN_OBJC_ROOT_CLASS = YES_ERROR;
				CLANG_WARN_RANGE_LOOP_ANALYSIS = YES;
				CLANG_WARN_STRICT_PROTOTYPES = YES;
				CLANG_WARN_SUSPICIOUS_MOVE = YES;
				CLANG_WARN_UNGUARDED_AVAILABILITY = YES_AGGRESSIVE;
				CLANG_WARN_UNREACHABLE_CODE = YES;
				CLANG_WARN__DUPLICATE_METHOD_MATCH = YES;
				COPY_PHASE_STRIP = NO;
				DEBUG_INFORMATION_FORMAT = dwarf;
				ENABLE_STRICT_OBJC_MSGSEND = YES;
				ENABLE_TESTABILITY = YES;
				GCC_C_LANGUAGE_STANDARD = gnu11;
				GCC_DYNAMIC_NO_PIC = NO;
				GCC_NO_COMMON_BLOCKS = YES;
				GCC_OPTIMIZATION_LEVEL = 0;
				GCC_PREPROCESSOR_DEFINITIONS = (
					"DEBUG=1",
					"$(inherited)",
				);
				GCC_WARN_64_TO_32_BIT_CONVERSION = YES;
				GCC_WARN_ABOUT_RETURN_TYPE = YES_ERROR;
				GCC_WARN_UNDECLARED_SELECTOR = YES;
				GCC_WARN_UNINITIALIZED_AUTOS = YES_AGGRESSIVE;
				GCC_WARN_UNUSED_FUNCTION = YES;
				GCC_WARN_UNUSED_VARIABLE = YES;
				MTL_ENABLE_DEBUG_INFO = INCLUDE_SOURCE;
				MTL_FAST_MATH = YES;
				ONLY_ACTIVE_ARCH = YES;
				SDKROOT = iphoneos;
				SWIFT_ACTIVE_COMPILATION_CONDITIONS = DEBUG;
				SWIFT_OPTIMIZATION_LEVEL = "-Onone";
			};
			name = Debug;
		};
		CF8B1E4723A4D27F00DA34BA /* Release */ = {
			isa = XCBuildConfiguration;
			buildSettings = {
				ALWAYS_SEARCH_USER_PATHS = NO;
				CLANG_ANALYZER_NONNULL = YES;
				CLANG_ANALYZER_NUMBER_OBJECT_CONVERSION = YES_AGGRESSIVE;
				CLANG_CXX_LANGUAGE_STANDARD = "gnu++14";
				CLANG_CXX_LIBRARY = "libc++";
				CLANG_ENABLE_MODULES = YES;
				CLANG_ENABLE_OBJC_ARC = YES;
				CLANG_ENABLE_OBJC_WEAK = YES;
				CLANG_WARN_BLOCK_CAPTURE_AUTORELEASING = YES;
				CLANG_WARN_BOOL_CONVERSION = YES;
				CLANG_WARN_COMMA = YES;
				CLANG_WARN_CONSTANT_CONVERSION = YES;
				CLANG_WARN_DEPRECATED_OBJC_IMPLEMENTATIONS = YES;
				CLANG_WARN_DIRECT_OBJC_ISA_USAGE = YES_ERROR;
				CLANG_WARN_DOCUMENTATION_COMMENTS = YES;
				CLANG_WARN_EMPTY_BODY = YES;
				CLANG_WARN_ENUM_CONVERSION = YES;
				CLANG_WARN_INFINITE_RECURSION = YES;
				CLANG_WARN_INT_CONVERSION = YES;
				CLANG_WARN_NON_LITERAL_NULL_CONVERSION = YES;
				CLANG_WARN_OBJC_IMPLICIT_RETAIN_SELF = YES;
				CLANG_WARN_OBJC_LITERAL_CONVERSION = YES;
				CLANG_WARN_OBJC_ROOT_CLASS = YES_ERROR;
				CLANG_WARN_RANGE_LOOP_ANALYSIS = YES;
				CLANG_WARN_STRICT_PROTOTYPES = YES;
				CLANG_WARN_SUSPICIOUS_MOVE = YES;
				CLANG_WARN_UNGUARDED_AVAILABILITY = YES_AGGRESSIVE;
				CLANG_WARN_UNREACHABLE_CODE = YES;
				CLANG_WARN__DUPLICATE_METHOD_MATCH = YES;
				COPY_PHASE_STRIP = NO;
				DEBUG_INFORMATION_FORMAT = "dwarf-with-dsym";
				ENABLE_NS_ASSERTIONS = NO;
				ENABLE_STRICT_OBJC_MSGSEND = YES;
				GCC_C_LANGUAGE_STANDARD = gnu11;
				GCC_NO_COMMON_BLOCKS = YES;
				GCC_WARN_64_TO_32_BIT_CONVERSION = YES;
				GCC_WARN_ABOUT_RETURN_TYPE = YES_ERROR;
				GCC_WARN_UNDECLARED_SELECTOR = YES;
				GCC_WARN_UNINITIALIZED_AUTOS = YES_AGGRESSIVE;
				GCC_WARN_UNUSED_FUNCTION = YES;
				GCC_WARN_UNUSED_VARIABLE = YES;
				MTL_ENABLE_DEBUG_INFO = NO;
				MTL_FAST_MATH = YES;
				SDKROOT = iphoneos;
				SWIFT_COMPILATION_MODE = wholemodule;
				SWIFT_OPTIMIZATION_LEVEL = "-O";
				VALIDATE_PRODUCT = YES;
			};
			name = Release;
		};
		CF8B1E4923A4D27F00DA34BA /* Debug */ = {
			isa = XCBuildConfiguration;
			baseConfigurationReference = FC992234F1946B90AB98B12E /* Pods-iCheckCrypto WatchKit Extension.debug.xcconfig */;
			buildSettings = {
				ASSETCATALOG_COMPILER_COMPLICATION_NAME = Complication;
				CODE_SIGN_STYLE = Automatic;
				DEVELOPMENT_ASSET_PATHS = "\"iCheckCrypto WatchKit Extension/Preview Content\"";
				DEVELOPMENT_TEAM = KLMZS2FKJ3;
				ENABLE_PREVIEWS = YES;
				INFOPLIST_FILE = "iCheckCrypto WatchKit Extension/Info.plist";
				LD_RUNPATH_SEARCH_PATHS = (
					"$(inherited)",
					"@executable_path/Frameworks",
					"@executable_path/../../Frameworks",
				);
				PRODUCT_BUNDLE_IDENTIFIER = com.tacenda.iwatchomg.watchkitapp.watchkitextension;
				PRODUCT_NAME = "${TARGET_NAME}";
				SDKROOT = watchos;
				SKIP_INSTALL = YES;
				SWIFT_VERSION = 5.0;
				TARGETED_DEVICE_FAMILY = 4;
				WATCHOS_DEPLOYMENT_TARGET = 6.0;
			};
			name = Debug;
		};
		CF8B1E4A23A4D27F00DA34BA /* Release */ = {
			isa = XCBuildConfiguration;
			baseConfigurationReference = 113C51A1367C87E9C661E6D5 /* Pods-iCheckCrypto WatchKit Extension.release.xcconfig */;
			buildSettings = {
				ASSETCATALOG_COMPILER_COMPLICATION_NAME = Complication;
				CODE_SIGN_STYLE = Automatic;
				DEVELOPMENT_ASSET_PATHS = "\"iCheckCrypto WatchKit Extension/Preview Content\"";
				DEVELOPMENT_TEAM = KLMZS2FKJ3;
				ENABLE_PREVIEWS = YES;
				INFOPLIST_FILE = "iCheckCrypto WatchKit Extension/Info.plist";
				LD_RUNPATH_SEARCH_PATHS = (
					"$(inherited)",
					"@executable_path/Frameworks",
					"@executable_path/../../Frameworks",
				);
				PRODUCT_BUNDLE_IDENTIFIER = com.tacenda.iwatchomg.watchkitapp.watchkitextension;
				PRODUCT_NAME = "${TARGET_NAME}";
				SDKROOT = watchos;
				SKIP_INSTALL = YES;
				SWIFT_VERSION = 5.0;
				TARGETED_DEVICE_FAMILY = 4;
				WATCHOS_DEPLOYMENT_TARGET = 6.0;
			};
			name = Release;
		};
		CF8B1E4D23A4D27F00DA34BA /* Debug */ = {
			isa = XCBuildConfiguration;
			baseConfigurationReference = D646718D98CBC8E9CCF08D26 /* Pods-iCheckCrypto WatchKit App.debug.xcconfig */;
			buildSettings = {
				ALWAYS_EMBED_SWIFT_STANDARD_LIBRARIES = YES;
				ASSETCATALOG_COMPILER_APPICON_NAME = AppIcon;
				CODE_SIGN_STYLE = Automatic;
				DEVELOPMENT_TEAM = KLMZS2FKJ3;
				IBSC_MODULE = iCheckCrypto_WatchKit_Extension;
				INFOPLIST_FILE = "iCheckCrypto WatchKit App/Info.plist";
				PRODUCT_BUNDLE_IDENTIFIER = com.tacenda.iwatchomg.watchkitapp;
				PRODUCT_NAME = "$(TARGET_NAME)";
				SDKROOT = watchos;
				SKIP_INSTALL = YES;
				SWIFT_VERSION = 5.0;
				TARGETED_DEVICE_FAMILY = 4;
				WATCHOS_DEPLOYMENT_TARGET = 6.0;
			};
			name = Debug;
		};
		CF8B1E4E23A4D27F00DA34BA /* Release */ = {
			isa = XCBuildConfiguration;
			baseConfigurationReference = A7C8CEBACBA49C4EB0FF241A /* Pods-iCheckCrypto WatchKit App.release.xcconfig */;
			buildSettings = {
				ALWAYS_EMBED_SWIFT_STANDARD_LIBRARIES = YES;
				ASSETCATALOG_COMPILER_APPICON_NAME = AppIcon;
				CODE_SIGN_STYLE = Automatic;
				DEVELOPMENT_TEAM = KLMZS2FKJ3;
				IBSC_MODULE = iCheckCrypto_WatchKit_Extension;
				INFOPLIST_FILE = "iCheckCrypto WatchKit App/Info.plist";
				PRODUCT_BUNDLE_IDENTIFIER = com.tacenda.iwatchomg.watchkitapp;
				PRODUCT_NAME = "$(TARGET_NAME)";
				SDKROOT = watchos;
				SKIP_INSTALL = YES;
				SWIFT_VERSION = 5.0;
				TARGETED_DEVICE_FAMILY = 4;
				WATCHOS_DEPLOYMENT_TARGET = 6.0;
			};
			name = Release;
		};
		CF8B1E5123A4D27F00DA34BA /* Debug */ = {
			isa = XCBuildConfiguration;
			baseConfigurationReference = DC87A9514CCBBB79D994AEAA /* Pods-iCheckCrypto.debug.xcconfig */;
			buildSettings = {
				CODE_SIGN_STYLE = Automatic;
				CURRENT_PROJECT_VERSION = 1;
				DEVELOPMENT_TEAM = KLMZS2FKJ3;
				MARKETING_VERSION = 1.0;
				PRODUCT_BUNDLE_IDENTIFIER = com.tacenda.iwatchomg;
				PRODUCT_NAME = "$(TARGET_NAME)";
				SWIFT_VERSION = 5.0;
			};
			name = Debug;
		};
		CF8B1E5223A4D27F00DA34BA /* Release */ = {
			isa = XCBuildConfiguration;
			baseConfigurationReference = B6B865F1A0101A4BF26E7FF5 /* Pods-iCheckCrypto.release.xcconfig */;
			buildSettings = {
				CODE_SIGN_STYLE = Automatic;
				CURRENT_PROJECT_VERSION = 1;
				DEVELOPMENT_TEAM = KLMZS2FKJ3;
				MARKETING_VERSION = 1.0;
				PRODUCT_BUNDLE_IDENTIFIER = com.tacenda.iwatchomg;
				PRODUCT_NAME = "$(TARGET_NAME)";
				SWIFT_VERSION = 5.0;
			};
			name = Release;
		};
/* End XCBuildConfiguration section */

/* Begin XCConfigurationList section */
		CF8B1E1D23A4D27D00DA34BA /* Build configuration list for PBXProject "iCheckCrypto" */ = {
			isa = XCConfigurationList;
			buildConfigurations = (
				CF8B1E4623A4D27F00DA34BA /* Debug */,
				CF8B1E4723A4D27F00DA34BA /* Release */,
			);
			defaultConfigurationIsVisible = 0;
			defaultConfigurationName = Release;
		};
		CF8B1E4823A4D27F00DA34BA /* Build configuration list for PBXNativeTarget "iCheckCrypto WatchKit Extension" */ = {
			isa = XCConfigurationList;
			buildConfigurations = (
				CF8B1E4923A4D27F00DA34BA /* Debug */,
				CF8B1E4A23A4D27F00DA34BA /* Release */,
			);
			defaultConfigurationIsVisible = 0;
			defaultConfigurationName = Release;
		};
		CF8B1E4C23A4D27F00DA34BA /* Build configuration list for PBXNativeTarget "iCheckCrypto WatchKit App" */ = {
			isa = XCConfigurationList;
			buildConfigurations = (
				CF8B1E4D23A4D27F00DA34BA /* Debug */,
				CF8B1E4E23A4D27F00DA34BA /* Release */,
			);
			defaultConfigurationIsVisible = 0;
			defaultConfigurationName = Release;
		};
		CF8B1E5023A4D27F00DA34BA /* Build configuration list for PBXNativeTarget "iCheckCrypto" */ = {
			isa = XCConfigurationList;
			buildConfigurations = (
				CF8B1E5123A4D27F00DA34BA /* Debug */,
				CF8B1E5223A4D27F00DA34BA /* Release */,
			);
			defaultConfigurationIsVisible = 0;
			defaultConfigurationName = Release;
		};
/* End XCConfigurationList section */
	};
	rootObject = CF8B1E1A23A4D27D00DA34BA /* Project object */;
}
